// !$*UTF8*$!
{
	archiveVersion = 1;
	classes = {
	};
	objectVersion = 46;
	objects = {

/* Begin PBXBuildFile section */
		90444AB81ED4287E002CCE81 /* main.m in Sources */ = {isa = PBXBuildFile; fileRef = 90444AB71ED4287E002CCE81 /* main.m */; };
		90444ABB1ED4287E002CCE81 /* AppDelegate.m in Sources */ = {isa = PBXBuildFile; fileRef = 90444ABA1ED4287E002CCE81 /* AppDelegate.m */; };
		90444AC11ED4287E002CCE81 /* Main.storyboard in Resources */ = {isa = PBXBuildFile; fileRef = 90444ABF1ED4287E002CCE81 /* Main.storyboard */; };
		90444AC31ED4287E002CCE81 /* Assets.xcassets in Resources */ = {isa = PBXBuildFile; fileRef = 90444AC21ED4287E002CCE81 /* Assets.xcassets */; };
		90444AC61ED4287E002CCE81 /* LaunchScreen.storyboard in Resources */ = {isa = PBXBuildFile; fileRef = 90444AC41ED4287E002CCE81 /* LaunchScreen.storyboard */; };
		90444AD31ED42CAE002CCE81 /* HMAuthViewController.m in Sources */ = {isa = PBXBuildFile; fileRef = 90444AD11ED42CAE002CCE81 /* HMAuthViewController.m */; };
		90444AD41ED42CAE002CCE81 /* HMAuthViewController.xib in Resources */ = {isa = PBXBuildFile; fileRef = 90444AD21ED42CAE002CCE81 /* HMAuthViewController.xib */; };
		90E68F991F62B99C000526CB /* libHuamiSDK.framework in Frameworks */ = {isa = PBXBuildFile; fileRef = 90E68F981F62B99C000526CB /* libHuamiSDK.framework */; };
		B74ADE23EB30F8C9E783CDA1 /* libPods-HMAuthDemo.a in Frameworks */ = {isa = PBXBuildFile; fileRef = CCE0E970573F78369377C3C3 /* libPods-HMAuthDemo.a */; };
/* End PBXBuildFile section */

/* Begin PBXCopyFilesBuildPhase section */
		90444AD71ED42CD9002CCE81 /* Embed Frameworks */ = {
			isa = PBXCopyFilesBuildPhase;
			buildActionMask = 2147483647;
			dstPath = "";
			dstSubfolderSpec = 10;
			files = (
			);
			name = "Embed Frameworks";
			runOnlyForDeploymentPostprocessing = 0;
		};
/* End PBXCopyFilesBuildPhase section */

/* Begin PBXFileReference section */
		6D2D5AA827D9AFF40DDBA43D /* Pods-HMAuthDemo.debug.xcconfig */ = {isa = PBXFileReference; includeInIndex = 1; lastKnownFileType = text.xcconfig; name = "Pods-HMAuthDemo.debug.xcconfig"; path = "Pods/Target Support Files/Pods-HMAuthDemo/Pods-HMAuthDemo.debug.xcconfig"; sourceTree = "<group>"; };
		8730981D34F3A9CD97FD839D /* Pods-HMAuthDemo.release.xcconfig */ = {isa = PBXFileReference; includeInIndex = 1; lastKnownFileType = text.xcconfig; name = "Pods-HMAuthDemo.release.xcconfig"; path = "Pods/Target Support Files/Pods-HMAuthDemo/Pods-HMAuthDemo.release.xcconfig"; sourceTree = "<group>"; };
		90444AB31ED4287E002CCE81 /* HMAuthDemo.app */ = {isa = PBXFileReference; explicitFileType = wrapper.application; includeInIndex = 0; path = HMAuthDemo.app; sourceTree = BUILT_PRODUCTS_DIR; };
		90444AB71ED4287E002CCE81 /* main.m */ = {isa = PBXFileReference; lastKnownFileType = sourcecode.c.objc; path = main.m; sourceTree = "<group>"; };
		90444AB91ED4287E002CCE81 /* AppDelegate.h */ = {isa = PBXFileReference; lastKnownFileType = sourcecode.c.h; path = AppDelegate.h; sourceTree = "<group>"; };
		90444ABA1ED4287E002CCE81 /* AppDelegate.m */ = {isa = PBXFileReference; lastKnownFileType = sourcecode.c.objc; path = AppDelegate.m; sourceTree = "<group>"; };
		90444AC01ED4287E002CCE81 /* Base */ = {isa = PBXFileReference; lastKnownFileType = file.storyboard; name = Base; path = Base.lproj/Main.storyboard; sourceTree = "<group>"; };
		90444AC21ED4287E002CCE81 /* Assets.xcassets */ = {isa = PBXFileReference; lastKnownFileType = folder.assetcatalog; path = Assets.xcassets; sourceTree = "<group>"; };
		90444AC51ED4287E002CCE81 /* Base */ = {isa = PBXFileReference; lastKnownFileType = file.storyboard; name = Base; path = Base.lproj/LaunchScreen.storyboard; sourceTree = "<group>"; };
		90444AC71ED4287E002CCE81 /* Info.plist */ = {isa = PBXFileReference; lastKnownFileType = text.plist.xml; path = Info.plist; sourceTree = "<group>"; };
		90444AD01ED42CAE002CCE81 /* HMAuthViewController.h */ = {isa = PBXFileReference; fileEncoding = 4; lastKnownFileType = sourcecode.c.h; path = HMAuthViewController.h; sourceTree = "<group>"; };
		90444AD11ED42CAE002CCE81 /* HMAuthViewController.m */ = {isa = PBXFileReference; fileEncoding = 4; lastKnownFileType = sourcecode.c.objc; path = HMAuthViewController.m; sourceTree = "<group>"; };
		90444AD21ED42CAE002CCE81 /* HMAuthViewController.xib */ = {isa = PBXFileReference; fileEncoding = 4; lastKnownFileType = file.xib; path = HMAuthViewController.xib; sourceTree = "<group>"; };
		90E68F981F62B99C000526CB /* libHuamiSDK.framework */ = {isa = PBXFileReference; lastKnownFileType = wrapper.framework; name = libHuamiSDK.framework; path = ../libHuamiSDK/libHuamiSDK.framework; sourceTree = "<group>"; };
		CCE0E970573F78369377C3C3 /* libPods-HMAuthDemo.a */ = {isa = PBXFileReference; explicitFileType = archive.ar; includeInIndex = 0; path = "libPods-HMAuthDemo.a"; sourceTree = BUILT_PRODUCTS_DIR; };
/* End PBXFileReference section */

/* Begin PBXFrameworksBuildPhase section */
		90444AB01ED4287E002CCE81 /* Frameworks */ = {
			isa = PBXFrameworksBuildPhase;
			buildActionMask = 2147483647;
			files = (
				90E68F991F62B99C000526CB /* libHuamiSDK.framework in Frameworks */,
				B74ADE23EB30F8C9E783CDA1 /* libPods-HMAuthDemo.a in Frameworks */,
			);
			runOnlyForDeploymentPostprocessing = 0;
		};
/* End PBXFrameworksBuildPhase section */

/* Begin PBXGroup section */
		2054EA4FDF916953767E6D0F /* Frameworks */ = {
			isa = PBXGroup;
			children = (
				90E68F981F62B99C000526CB /* libHuamiSDK.framework */,
				CCE0E970573F78369377C3C3 /* libPods-HMAuthDemo.a */,
			);
			name = Frameworks;
			sourceTree = "<group>";
		};
		6AB71A659BBC21370A0D608B /* Pods */ = {
			isa = PBXGroup;
			children = (
				6D2D5AA827D9AFF40DDBA43D /* Pods-HMAuthDemo.debug.xcconfig */,
				8730981D34F3A9CD97FD839D /* Pods-HMAuthDemo.release.xcconfig */,
			);
			name = Pods;
			sourceTree = "<group>";
		};
		90444AAA1ED4287E002CCE81 = {
			isa = PBXGroup;
			children = (
				90444AB51ED4287E002CCE81 /* HMAuthDemo */,
				90444AB41ED4287E002CCE81 /* Products */,
				6AB71A659BBC21370A0D608B /* Pods */,
				2054EA4FDF916953767E6D0F /* Frameworks */,
			);
			sourceTree = "<group>";
		};
		90444AB41ED4287E002CCE81 /* Products */ = {
			isa = PBXGroup;
			children = (
				90444AB31ED4287E002CCE81 /* HMAuthDemo.app */,
			);
			name = Products;
			sourceTree = "<group>";
		};
		90444AB51ED4287E002CCE81 /* HMAuthDemo */ = {
			isa = PBXGroup;
			children = (
				90444AB91ED4287E002CCE81 /* AppDelegate.h */,
				90444ABA1ED4287E002CCE81 /* AppDelegate.m */,
				90444AD01ED42CAE002CCE81 /* HMAuthViewController.h */,
				90444AD11ED42CAE002CCE81 /* HMAuthViewController.m */,
				90444AD21ED42CAE002CCE81 /* HMAuthViewController.xib */,
				90444ABF1ED4287E002CCE81 /* Main.storyboard */,
				90444AC21ED4287E002CCE81 /* Assets.xcassets */,
				90444AC41ED4287E002CCE81 /* LaunchScreen.storyboard */,
				90444AC71ED4287E002CCE81 /* Info.plist */,
				90444AB61ED4287E002CCE81 /* Supporting Files */,
			);
			path = HMAuthDemo;
			sourceTree = "<group>";
		};
		90444AB61ED4287E002CCE81 /* Supporting Files */ = {
			isa = PBXGroup;
			children = (
				90444AB71ED4287E002CCE81 /* main.m */,
			);
			name = "Supporting Files";
			sourceTree = "<group>";
		};
/* End PBXGroup section */

/* Begin PBXNativeTarget section */
		90444AB21ED4287E002CCE81 /* HMAuthDemo */ = {
			isa = PBXNativeTarget;
			buildConfigurationList = 90444ACA1ED4287E002CCE81 /* Build configuration list for PBXNativeTarget "HMAuthDemo" */;
			buildPhases = (
				02EC4BD1D550DC90D1ECB311 /* [CP] Check Pods Manifest.lock */,
				90444AAF1ED4287E002CCE81 /* Sources */,
				90444AB01ED4287E002CCE81 /* Frameworks */,
				90444AB11ED4287E002CCE81 /* Resources */,
				90444AD71ED42CD9002CCE81 /* Embed Frameworks */,
				005A87E058667BF8D9D30773 /* [CP] Embed Pods Frameworks */,
				756CDFEB12C3BB1D1F0E5627 /* [CP] Copy Pods Resources */,
			);
			buildRules = (
			);
			dependencies = (
			);
			name = HMAuthDemo;
			productName = HMAuthDemo;
			productReference = 90444AB31ED4287E002CCE81 /* HMAuthDemo.app */;
			productType = "com.apple.product-type.application";
		};
/* End PBXNativeTarget section */

/* Begin PBXProject section */
		90444AAB1ED4287E002CCE81 /* Project object */ = {
			isa = PBXProject;
			attributes = {
				LastUpgradeCheck = 0830;
				ORGANIZATIONNAME = huami;
				TargetAttributes = {
					90444AB21ED4287E002CCE81 = {
						CreatedOnToolsVersion = 8.3.2;
						DevelopmentTeam = BPBCHD64GW;
						ProvisioningStyle = Automatic;
					};
				};
			};
			buildConfigurationList = 90444AAE1ED4287E002CCE81 /* Build configuration list for PBXProject "HMAuthDemo" */;
			compatibilityVersion = "Xcode 3.2";
			developmentRegion = English;
			hasScannedForEncodings = 0;
			knownRegions = (
				en,
				Base,
			);
			mainGroup = 90444AAA1ED4287E002CCE81;
			productRefGroup = 90444AB41ED4287E002CCE81 /* Products */;
			projectDirPath = "";
			projectRoot = "";
			targets = (
				90444AB21ED4287E002CCE81 /* HMAuthDemo */,
			);
		};
/* End PBXProject section */

/* Begin PBXResourcesBuildPhase section */
		90444AB11ED4287E002CCE81 /* Resources */ = {
			isa = PBXResourcesBuildPhase;
			buildActionMask = 2147483647;
			files = (
				90444AC61ED4287E002CCE81 /* LaunchScreen.storyboard in Resources */,
				90444AC31ED4287E002CCE81 /* Assets.xcassets in Resources */,
				90444AC11ED4287E002CCE81 /* Main.storyboard in Resources */,
				90444AD41ED42CAE002CCE81 /* HMAuthViewController.xib in Resources */,
			);
			runOnlyForDeploymentPostprocessing = 0;
		};
/* End PBXResourcesBuildPhase section */

/* Begin PBXShellScriptBuildPhase section */
		005A87E058667BF8D9D30773 /* [CP] Embed Pods Frameworks */ = {
			isa = PBXShellScriptBuildPhase;
			buildActionMask = 2147483647;
			files = (
			);
			inputPaths = (
			);
			name = "[CP] Embed Pods Frameworks";
			outputPaths = (
			);
			runOnlyForDeploymentPostprocessing = 0;
			shellPath = /bin/sh;
			shellScript = "\"${SRCROOT}/Pods/Target Support Files/Pods-HMAuthDemo/Pods-HMAuthDemo-frameworks.sh\"\n";
			showEnvVarsInLog = 0;
		};
		02EC4BD1D550DC90D1ECB311 /* [CP] Check Pods Manifest.lock */ = {
			isa = PBXShellScriptBuildPhase;
			buildActionMask = 2147483647;
			files = (
			);
			inputPaths = (
			);
			name = "[CP] Check Pods Manifest.lock";
			outputPaths = (
			);
			runOnlyForDeploymentPostprocessing = 0;
			shellPath = /bin/sh;
			shellScript = "diff \"${PODS_PODFILE_DIR_PATH}/Podfile.lock\" \"${PODS_ROOT}/Manifest.lock\" > /dev/null\nif [ $? != 0 ] ; then\n    # print error to STDERR\n    echo \"error: The sandbox is not in sync with the Podfile.lock. Run 'pod install' or update your CocoaPods installation.\" >&2\n    exit 1\nfi\n";
			showEnvVarsInLog = 0;
		};
		756CDFEB12C3BB1D1F0E5627 /* [CP] Copy Pods Resources */ = {
			isa = PBXShellScriptBuildPhase;
			buildActionMask = 2147483647;
			files = (
			);
			inputPaths = (
			);
			name = "[CP] Copy Pods Resources";
			outputPaths = (
			);
			runOnlyForDeploymentPostprocessing = 0;
			shellPath = /bin/sh;
			shellScript = "\"${SRCROOT}/Pods/Target Support Files/Pods-HMAuthDemo/Pods-HMAuthDemo-resources.sh\"\n";
			showEnvVarsInLog = 0;
		};
/* End PBXShellScriptBuildPhase section */

/* Begin PBXSourcesBuildPhase section */
		90444AAF1ED4287E002CCE81 /* Sources */ = {
			isa = PBXSourcesBuildPhase;
			buildActionMask = 2147483647;
			files = (
				90444ABB1ED4287E002CCE81 /* AppDelegate.m in Sources */,
				90444AD31ED42CAE002CCE81 /* HMAuthViewController.m in Sources */,
				90444AB81ED4287E002CCE81 /* main.m in Sources */,
			);
			runOnlyForDeploymentPostprocessing = 0;
		};
/* End PBXSourcesBuildPhase section */

/* Begin PBXVariantGroup section */
		90444ABF1ED4287E002CCE81 /* Main.storyboard */ = {
			isa = PBXVariantGroup;
			children = (
				90444AC01ED4287E002CCE81 /* Base */,
			);
			name = Main.storyboard;
			sourceTree = "<group>";
		};
		90444AC41ED4287E002CCE81 /* LaunchScreen.storyboard */ = {
			isa = PBXVariantGroup;
			children = (
				90444AC51ED4287E002CCE81 /* Base */,
			);
			name = LaunchScreen.storyboard;
			sourceTree = "<group>";
		};
/* End PBXVariantGroup section */

/* Begin XCBuildConfiguration section */
		90444AC81ED4287E002CCE81 /* Debug */ = {
			isa = XCBuildConfiguration;
			buildSettings = {
				ALWAYS_SEARCH_USER_PATHS = NO;
				CLANG_ANALYZER_NONNULL = YES;
				CLANG_ANALYZER_NUMBER_OBJECT_CONVERSION = YES_AGGRESSIVE;
				CLANG_CXX_LANGUAGE_STANDARD = "gnu++0x";
				CLANG_CXX_LIBRARY = "libc++";
				CLANG_ENABLE_MODULES = YES;
				CLANG_ENABLE_OBJC_ARC = YES;
				CLANG_WARN_BOOL_CONVERSION = YES;
				CLANG_WARN_CONSTANT_CONVERSION = YES;
				CLANG_WARN_DIRECT_OBJC_ISA_USAGE = YES_ERROR;
				CLANG_WARN_DOCUMENTATION_COMMENTS = YES;
				CLANG_WARN_EMPTY_BODY = YES;
				CLANG_WARN_ENUM_CONVERSION = YES;
				CLANG_WARN_INFINITE_RECURSION = YES;
				CLANG_WARN_INT_CONVERSION = YES;
				CLANG_WARN_OBJC_ROOT_CLASS = YES_ERROR;
				CLANG_WARN_SUSPICIOUS_MOVE = YES;
				CLANG_WARN_UNREACHABLE_CODE = YES;
				CLANG_WARN__DUPLICATE_METHOD_MATCH = YES;
				"CODE_SIGN_IDENTITY[sdk=iphoneos*]" = "iPhone Developer";
				COPY_PHASE_STRIP = NO;
				DEBUG_INFORMATION_FORMAT = dwarf;
				ENABLE_STRICT_OBJC_MSGSEND = YES;
				ENABLE_TESTABILITY = YES;
				GCC_C_LANGUAGE_STANDARD = gnu99;
				GCC_DYNAMIC_NO_PIC = NO;
				GCC_NO_COMMON_BLOCKS = YES;
				GCC_OPTIMIZATION_LEVEL = 0;
				GCC_PREPROCESSOR_DEFINITIONS = (
					"DEBUG=1",
					"$(inherited)",
				);
				GCC_WARN_64_TO_32_BIT_CONVERSION = YES;
				GCC_WARN_ABOUT_RETURN_TYPE = YES_ERROR;
				GCC_WARN_UNDECLARED_SELECTOR = YES;
				GCC_WARN_UNINITIALIZED_AUTOS = YES_AGGRESSIVE;
				GCC_WARN_UNUSED_FUNCTION = YES;
				GCC_WARN_UNUSED_VARIABLE = YES;
				IPHONEOS_DEPLOYMENT_TARGET = 10.3;
				MTL_ENABLE_DEBUG_INFO = YES;
				ONLY_ACTIVE_ARCH = YES;
				SDKROOT = iphoneos;
			};
			name = Debug;
		};
		90444AC91ED4287E002CCE81 /* Release */ = {
			isa = XCBuildConfiguration;
			buildSettings = {
				ALWAYS_SEARCH_USER_PATHS = NO;
				CLANG_ANALYZER_NONNULL = YES;
				CLANG_ANALYZER_NUMBER_OBJECT_CONVERSION = YES_AGGRESSIVE;
				CLANG_CXX_LANGUAGE_STANDARD = "gnu++0x";
				CLANG_CXX_LIBRARY = "libc++";
				CLANG_ENABLE_MODULES = YES;
				CLANG_ENABLE_OBJC_ARC = YES;
				CLANG_WARN_BOOL_CONVERSION = YES;
				CLANG_WARN_CONSTANT_CONVERSION = YES;
				CLANG_WARN_DIRECT_OBJC_ISA_USAGE = YES_ERROR;
				CLANG_WARN_DOCUMENTATION_COMMENTS = YES;
				CLANG_WARN_EMPTY_BODY = YES;
				CLANG_WARN_ENUM_CONVERSION = YES;
				CLANG_WARN_INFINITE_RECURSION = YES;
				CLANG_WARN_INT_CONVERSION = YES;
				CLANG_WARN_OBJC_ROOT_CLASS = YES_ERROR;
				CLANG_WARN_SUSPICIOUS_MOVE = YES;
				CLANG_WARN_UNREACHABLE_CODE = YES;
				CLANG_WARN__DUPLICATE_METHOD_MATCH = YES;
				"CODE_SIGN_IDENTITY[sdk=iphoneos*]" = "iPhone Developer";
				COPY_PHASE_STRIP = NO;
				DEBUG_INFORMATION_FORMAT = "dwarf-with-dsym";
				ENABLE_NS_ASSERTIONS = NO;
				ENABLE_STRICT_OBJC_MSGSEND = YES;
				GCC_C_LANGUAGE_STANDARD = gnu99;
				GCC_NO_COMMON_BLOCKS = YES;
				GCC_WARN_64_TO_32_BIT_CONVERSION = YES;
				GCC_WARN_ABOUT_RETURN_TYPE = YES_ERROR;
				GCC_WARN_UNDECLARED_SELECTOR = YES;
				GCC_WARN_UNINITIALIZED_AUTOS = YES_AGGRESSIVE;
				GCC_WARN_UNUSED_FUNCTION = YES;
				GCC_WARN_UNUSED_VARIABLE = YES;
				IPHONEOS_DEPLOYMENT_TARGET = 10.3;
				MTL_ENABLE_DEBUG_INFO = NO;
				SDKROOT = iphoneos;
				VALIDATE_PRODUCT = YES;
			};
			name = Release;
		};
		90444ACB1ED4287E002CCE81 /* Debug */ = {
			isa = XCBuildConfiguration;
			baseConfigurationReference = 6D2D5AA827D9AFF40DDBA43D /* Pods-HMAuthDemo.debug.xcconfig */;
			buildSettings = {
				ASSETCATALOG_COMPILER_APPICON_NAME = AppIcon;
				DEVELOPMENT_TEAM = BPBCHD64GW;
				FRAMEWORK_SEARCH_PATHS = (
					"$(inherited)",
					"\"$(SRCROOT)/../libHuamiSDK\"",
				);
				HEADER_SEARCH_PATHS = (
					"$(inherited)",
					"\"$(SRCROOT)/../libHuamiSDK\"",
				);
				INFOPLIST_FILE = HMAuthDemo/Info.plist;
				IPHONEOS_DEPLOYMENT_TARGET = 7.0;
				LD_RUNPATH_SEARCH_PATHS = "$(inherited) @executable_path/Frameworks \"$(SRCROOT)/../libHuamiSDK\"";
				PRODUCT_BUNDLE_IDENTIFIER = com.huami.HMAuthPartnerDemo;
				PRODUCT_NAME = "$(TARGET_NAME)";
			};
			name = Debug;
		};
		90444ACC1ED4287E002CCE81 /* Release */ = {
			isa = XCBuildConfiguration;
			baseConfigurationReference = 8730981D34F3A9CD97FD839D /* Pods-HMAuthDemo.release.xcconfig */;
			buildSettings = {
				ASSETCATALOG_COMPILER_APPICON_NAME = AppIcon;
				DEVELOPMENT_TEAM = BPBCHD64GW;
				FRAMEWORK_SEARCH_PATHS = (
					"$(inherited)",
					"\"$(SRCROOT)/../libHuamiSDK\"",
				);
				HEADER_SEARCH_PATHS = (
					"$(inherited)",
					"\"$(SRCROOT)/../libHuamiSDK\"",
				);
				INFOPLIST_FILE = HMAuthDemo/Info.plist;
				IPHONEOS_DEPLOYMENT_TARGET = 7.0;
				LD_RUNPATH_SEARCH_PATHS = "$(inherited) @executable_path/Frameworks \"$(SRCROOT)/../libHuamiSDK\"";
				PRODUCT_BUNDLE_IDENTIFIER = com.huami.HMAuthPartnerDemo;
				PRODUCT_NAME = "$(TARGET_NAME)";
			};
			name = Release;
		};
/* End XCBuildConfiguration section */

/* Begin XCConfigurationList section */
		90444AAE1ED4287E002CCE81 /* Build configuration list for PBXProject "HMAuthDemo" */ = {
			isa = XCConfigurationList;
			buildConfigurations = (
				90444AC81ED4287E002CCE81 /* Debug */,
				90444AC91ED4287E002CCE81 /* Release */,
			);
			defaultConfigurationIsVisible = 0;
			defaultConfigurationName = Release;
		};
		90444ACA1ED4287E002CCE81 /* Build configuration list for PBXNativeTarget "HMAuthDemo" */ = {
			isa = XCConfigurationList;
			buildConfigurations = (
				90444ACB1ED4287E002CCE81 /* Debug */,
				90444ACC1ED4287E002CCE81 /* Release */,
			);
			defaultConfigurationIsVisible = 0;
			defaultConfigurationName = Release;
		};
/* End XCConfigurationList section */
	};
	rootObject = 90444AAB1ED4287E002CCE81 /* Project object */;
}
