PODS:
  - libHuamiSDK (1.0.0)

DEPENDENCIES:
  - libHuamiSDK (from `https://github.com/huamiLilg/HMiOSAuthSDK.git`)

EXTERNAL SOURCES:
  libHuamiSDK:
    :git: https://github.com/huamiLilg/HMiOSAuthSDK.git

CHECKOUT OPTIONS:
  libHuamiSDK:
    :commit: bea9412a6c3fd52d1cb53481104d63bb07adbfde
    :git: https://github.com/huamiLilg/HMiOSAuthSDK.git

SPEC CHECKSUMS:
  libHuamiSDK: 1c1778ceac6737f9026eef9b6deefc081a07a00d

PODFILE CHECKSUM: 60d220b903ec25eedc12faa75ae1d4ceaa4e2313

COCOAPODS: 1.2.1
